{
  "name": "Client",
  "lockfileVersion": 2,
  "requires": true,
  "packages": {
    "": {
      "dependencies": {
        "@sgratzl/chartjs-chart-boxplot": "^3.9.0",
        "chart.js": "^3.9.1",
        "chartjs": "^0.3.24"
      }
    },
    "node_modules/@sgratzl/boxplots": {
      "version": "1.3.0",
      "resolved": "https://registry.npmjs.org/@sgratzl/boxplots/-/boxplots-1.3.0.tgz",
      "integrity": "sha512-2BRWv+WOH58pwzSgP50buoXgxQic+4auz3BF0wiIUXS8D3QGkdBNgsNdQO1754Tm/0uEwly0R3WaCiGnoYWcmA=="
    },
    "node_modules/@sgratzl/chartjs-chart-boxplot": {
      "version": "3.9.0",
      "resolved": "https://registry.npmjs.org/@sgratzl/chartjs-chart-boxplot/-/chartjs-chart-boxplot-3.9.0.tgz",
      "integrity": "sha512-ZkZ6E/HUD4YWCF/rr3UZvWhs4st9FC0N3bXxk8xIRGeOHuq7r7W/DVL8PaFuGmk4N6/IEI0k1IRJB9xDs56+NA==",
      "dependencies": {
        "@sgratzl/boxplots": "^1.3.0"
      },
      "peerDependencies": {
        "chart.js": "^3.9.1"
      }
    },
    "node_modules/chart.js": {
      "version": "3.9.1",
      "resolved": "https://registry.npmjs.org/chart.js/-/chart.js-3.9.1.tgz",
      "integrity": "sha512-Ro2JbLmvg83gXF5F4sniaQ+lTbSv18E+TIf2cOeiH1Iqd2PGFOtem+DUufMZsCJwFE7ywPOpfXFBwRTGq7dh6w=="
    },
    "node_modules/chartjs": {
      "version": "0.3.24",
      "resolved": "https://registry.npmjs.org/chartjs/-/chartjs-0.3.24.tgz",
      "integrity": "sha512-h6G9qcDqmFYnSWqjWCzQMeOLiypS+pM6Fq2Rj7LPty8Kjx5yHonwwJ7oEHImZpQ2u9Pu36XGYfardvvBiQVrhg=="
    }
  },
  "dependencies": {
    "@sgratzl/boxplots": {
      "version": "1.3.0",
      "resolved": "https://registry.npmjs.org/@sgratzl/boxplots/-/boxplots-1.3.0.tgz",
      "integrity": "sha512-2BRWv+WOH58pwzSgP50buoXgxQic+4auz3BF0wiIUXS8D3QGkdBNgsNdQO1754Tm/0uEwly0R3WaCiGnoYWcmA=="
    },
    "@sgratzl/chartjs-chart-boxplot": {
      "version": "3.9.0",
      "resolved": "https://registry.npmjs.org/@sgratzl/chartjs-chart-boxplot/-/chartjs-chart-boxplot-3.9.0.tgz",
      "integrity": "sha512-ZkZ6E/HUD4YWCF/rr3UZvWhs4st9FC0N3bXxk8xIRGeOHuq7r7W/DVL8PaFuGmk4N6/IEI0k1IRJB9xDs56+NA==",
      "requires": {
        "@sgratzl/boxplots": "^1.3.0"
      }
    },
    "chart.js": {
      "version": "3.9.1",
      "resolved": "https://registry.npmjs.org/chart.js/-/chart.js-3.9.1.tgz",
      "integrity": "sha512-Ro2JbLmvg83gXF5F4sniaQ+lTbSv18E+TIf2cOeiH1Iqd2PGFOtem+DUufMZsCJwFE7ywPOpfXFBwRTGq7dh6w=="
    },
    "chartjs": {
      "version": "0.3.24",
      "resolved": "https://registry.npmjs.org/chartjs/-/chartjs-0.3.24.tgz",
      "integrity": "sha512-h6G9qcDqmFYnSWqjWCzQMeOLiypS+pM6Fq2Rj7LPty8Kjx5yHonwwJ7oEHImZpQ2u9Pu36XGYfardvvBiQVrhg=="
    }
  }
}
